
Microsoft Visual Studio Solution File, Format Version 12.00
# Visual Studio 15
VisualStudioVersion = 15.0.27130.2020
MinimumVisualStudioVersion = 10.0.40219.1
Project("{FAE04EC0-301F-11D3-BF4B-00C04F79EFBC}") = "asp-core-lmyc", "asp-core-lmyc\asp-core-lmyc.csproj", "{73C17D19-C851-4603-9910-634292287FA3}"
EndProject
Global
	GlobalSection(SolutionConfigurationPlatforms) = preSolution
		Debug|Any CPU = Debug|Any CPU
		Release|Any CPU = Release|Any CPU
	EndGlobalSection
	GlobalSection(ProjectConfigurationPlatforms) = postSolution
		{73C17D19-C851-4603-9910-634292287FA3}.Debug|Any CPU.ActiveCfg = Debug|Any CPU
		{73C17D19-C851-4603-9910-634292287FA3}.Debug|Any CPU.Build.0 = Debug|Any CPU
		{73C17D19-C851-4603-9910-634292287FA3}.Release|Any CPU.ActiveCfg = Release|Any CPU
		{73C17D19-C851-4603-9910-634292287FA3}.Release|Any CPU.Build.0 = Release|Any CPU
	EndGlobalSection
	GlobalSection(SolutionProperties) = preSolution
		HideSolutionNode = FALSE
	EndGlobalSection
	GlobalSection(ExtensibilityGlobals) = postSolution
		SolutionGuid = {7F32B77D-7033-48BD-A628-50B51E5D6ECE}
	EndGlobalSection
EndGlobal
